
Microsoft Visual Studio Solution File, Format Version 12.00
# Visual Studio Version 17
VisualStudioVersion = 17.5.002.0
MinimumVisualStudioVersion = 10.0.40219.1
Project("{9A19103F-16F7-4668-BE54-9A1E7A4F7556}") = "ConsoleApplicationURLify", "ConsoleApplicationURLify.csproj", "{441DD732-BF7A-4820-8828-1A93E175C0A2}"
EndProject
Global
	GlobalSection(SolutionConfigurationPlatforms) = preSolution
		Debug|Any CPU = Debug|Any CPU
		Release|Any CPU = Release|Any CPU
	EndGlobalSection
	GlobalSection(ProjectConfigurationPlatforms) = postSolution
		{441DD732-BF7A-4820-8828-1A93E175C0A2}.Debug|Any CPU.ActiveCfg = Debug|Any CPU
		{441DD732-BF7A-4820-8828-1A93E175C0A2}.Debug|Any CPU.Build.0 = Debug|Any CPU
		{441DD732-BF7A-4820-8828-1A93E175C0A2}.Release|Any CPU.ActiveCfg = Release|Any CPU
		{441DD732-BF7A-4820-8828-1A93E175C0A2}.Release|Any CPU.Build.0 = Release|Any CPU
	EndGlobalSection
	GlobalSection(SolutionProperties) = preSolution
		HideSolutionNode = FALSE
	EndGlobalSection
	GlobalSection(ExtensibilityGlobals) = postSolution
		SolutionGuid = {2505C04A-E139-45E1-A4A4-F8B681440E68}
	EndGlobalSection
EndGlobal
